
Microsoft Visual Studio Solution File, Format Version 12.00
# Visual Studio Version 16
VisualStudioVersion = 16.0.29519.181
MinimumVisualStudioVersion = 10.0.40219.1
Project("{FAE04EC0-301F-11D3-BF4B-00C04F79EFBC}") = "HTTT_QLBanDongHo", "HTTT_QLBanDongHo\HTTT_QLBanDongHo.csproj", "{9AA5FA46-6AD5-425C-901E-4077A7C31F1C}"
EndProject
Global
	GlobalSection(SolutionConfigurationPlatforms) = preSolution
		Debug|Any CPU = Debug|Any CPU
		Release|Any CPU = Release|Any CPU
	EndGlobalSection
	GlobalSection(ProjectConfigurationPlatforms) = postSolution
		{9AA5FA46-6AD5-425C-901E-4077A7C31F1C}.Debug|Any CPU.ActiveCfg = Debug|Any CPU
		{9AA5FA46-6AD5-425C-901E-4077A7C31F1C}.Debug|Any CPU.Build.0 = Debug|Any CPU
		{9AA5FA46-6AD5-425C-901E-4077A7C31F1C}.Release|Any CPU.ActiveCfg = Release|Any CPU
		{9AA5FA46-6AD5-425C-901E-4077A7C31F1C}.Release|Any CPU.Build.0 = Release|Any CPU
	EndGlobalSection
	GlobalSection(SolutionProperties) = preSolution
		HideSolutionNode = FALSE
	EndGlobalSection
	GlobalSection(ExtensibilityGlobals) = postSolution
		SolutionGuid = {7CE10394-81AE-4EC5-BD05-24DD6D9A283D}
	EndGlobalSection
EndGlobal
